{
  "originHash" : "34e669222d99c4d9a083596dea41b90a02b717133f5dd97ee811ae1ac6e3ea8e",
  "pins" : [
    {
      "identity" : "swift-rfc-1035",
      "kind" : "remoteSourceControl",
      "location" : "https://github.com/swift-web-standards/swift-rfc-1035",
      "state" : {
        "revision" : "95e9ca2e3f3ec303978e8cd18013e02b7d0f8a62",
        "version" : "0.0.1"
      }
    },
    {
      "identity" : "swift-rfc-1123",
      "kind" : "remoteSourceControl",
      "location" : "https://github.com/swift-web-standards/swift-rfc-1123",
      "state" : {
        "revision" : "97b8decb5fdfc02177faa5965a95606e36373388",
        "version" : "0.0.1"
      }
    },
    {
      "identity" : "swift-rfc-5321",
      "kind" : "remoteSourceControl",
      "location" : "https://github.com/swift-web-standards/swift-rfc-5321",
      "state" : {
        "revision" : "449d9291d1d2f6dcd6793c7d4ea855db1e7b062d",
        "version" : "0.0.1"
      }
    }
  ],
  "version" : 3
}
